{
  "version": "3",
  "packages": {
    "specifiers": {
      "npm:fast-json-stable-stringify@2.1.0": "npm:fast-json-stable-stringify@2.1.0"
    },
    "npm": {
      "fast-json-stable-stringify@2.1.0": {
        "integrity": "sha512-lhd/wF+Lk98HZoTCtlVraHtfh5XYijIjalXck7saUtuanSDyLMxnHhSXEDJqHxD7msR8D0uCmqlkwjCV8xvwHw==",
        "dependencies": {}
      }
    }
  },
  "remote": {
    "https://deno.land/std@0.138.0/async/deferred.ts": "bc18e28108252c9f67dfca2bbc4587c3cbf3aeb6e155f8c864ca8ecff992b98a",
    "https://deno.land/std@0.152.0/_util/assert.ts": "e94f2eb37cebd7f199952e242c77654e43333c1ac4c5c700e929ea3aa5489f74",
    "https://deno.land/std@0.152.0/_util/os.ts": "3b4c6e27febd119d36a416d7a97bd3b0251b77c88942c8f16ee5953ea13e2e49",
    "https://deno.land/std@0.152.0/path/_constants.ts": "df1db3ffa6dd6d1252cc9617e5d72165cd2483df90e93833e13580687b6083c3",
    "https://deno.land/std@0.152.0/path/_interface.ts": "ee3b431a336b80cf445441109d089b70d87d5e248f4f90ff906820889ecf8d09",
    "https://deno.land/std@0.152.0/path/_util.ts": "c1e9686d0164e29f7d880b2158971d805b6e0efc3110d0b3e24e4b8af2190d2b",
    "https://deno.land/std@0.152.0/path/common.ts": "bee563630abd2d97f99d83c96c2fa0cca7cee103e8cb4e7699ec4d5db7bd2633",
    "https://deno.land/std@0.152.0/path/glob.ts": "cb5255638de1048973c3e69e420c77dc04f75755524cb3b2e160fe9277d939ee",
    "https://deno.land/std@0.152.0/path/mod.ts": "56fec03ad0ebd61b6ab39ddb9b0ddb4c4a5c9f2f4f632e09dd37ec9ebfd722ac",
    "https://deno.land/std@0.152.0/path/posix.ts": "c1f7afe274290ea0b51da07ee205653b2964bd74909a82deb07b69a6cc383aaa",
    "https://deno.land/std@0.152.0/path/separator.ts": "fe1816cb765a8068afb3e8f13ad272351c85cbc739af56dacfc7d93d710fe0f9",
    "https://deno.land/std@0.152.0/path/win32.ts": "bd7549042e37879c68ff2f8576a25950abbfca1d696d41d82c7bca0b7e6f452c",
    "https://deno.land/std@0.154.0/_util/assert.ts": "e94f2eb37cebd7f199952e242c77654e43333c1ac4c5c700e929ea3aa5489f74",
    "https://deno.land/std@0.154.0/_util/os.ts": "3b4c6e27febd119d36a416d7a97bd3b0251b77c88942c8f16ee5953ea13e2e49",
    "https://deno.land/std@0.154.0/fs/_util.ts": "fdc156f897197f261a1c096dcf8ff9267ed0ff42bd5b31f55053a4763a4bae3b",
    "https://deno.land/std@0.154.0/fs/ensure_dir.ts": "76395fc1c989ca8d2de3aedfa8240eb8f5225cde20f926de957995b063135b80",
    "https://deno.land/std@0.154.0/fs/move.ts": "6d7fa9da60dbc7a32dd7fdbc2ff812b745861213c8e92ba96dace0669b0c378c",
    "https://deno.land/std@0.154.0/fs/walk.ts": "d6c73a2a2fb5fde60150ce27cff3fff420e72e5bb84131b4919c9a41d74712ce",
    "https://deno.land/std@0.154.0/path/_constants.ts": "df1db3ffa6dd6d1252cc9617e5d72165cd2483df90e93833e13580687b6083c3",
    "https://deno.land/std@0.154.0/path/_interface.ts": "ee3b431a336b80cf445441109d089b70d87d5e248f4f90ff906820889ecf8d09",
    "https://deno.land/std@0.154.0/path/_util.ts": "d16be2a16e1204b65f9d0dfc54a9bc472cafe5f4a190b3c8471ec2016ccd1677",
    "https://deno.land/std@0.154.0/path/common.ts": "bee563630abd2d97f99d83c96c2fa0cca7cee103e8cb4e7699ec4d5db7bd2633",
    "https://deno.land/std@0.154.0/path/glob.ts": "cb5255638de1048973c3e69e420c77dc04f75755524cb3b2e160fe9277d939ee",
    "https://deno.land/std@0.154.0/path/mod.ts": "56fec03ad0ebd61b6ab39ddb9b0ddb4c4a5c9f2f4f632e09dd37ec9ebfd722ac",
    "https://deno.land/std@0.154.0/path/posix.ts": "c1f7afe274290ea0b51da07ee205653b2964bd74909a82deb07b69a6cc383aaa",
    "https://deno.land/std@0.154.0/path/separator.ts": "fe1816cb765a8068afb3e8f13ad272351c85cbc739af56dacfc7d93d710fe0f9",
    "https://deno.land/std@0.154.0/path/win32.ts": "bd7549042e37879c68ff2f8576a25950abbfca1d696d41d82c7bca0b7e6f452c",
    "https://deno.land/std@0.158.0/async/deferred.ts": "c01de44b9192359cebd3fe93273fcebf9e95110bf3360023917da9a2d1489fae",
    "https://deno.land/std@0.158.0/collections/_comparators.ts": "b9edf2170aaccbe11407d37e8948b6867cf68fbe5225f4cd4cdb02f174227157",
    "https://deno.land/std@0.158.0/collections/binary_search_node.ts": "44ce42e032d8701d1cbce0de4a2d991742743554d2df09783198d862284eb263",
    "https://deno.land/std@0.158.0/collections/binary_search_tree.ts": "64224e394fd3b894b5dee2f8da692405a5d6f107cd2ecbab48c478f63b9fad03",
    "https://deno.land/std@0.158.0/collections/red_black_node.ts": "8381a2fecdd28e06f2f730f091aa2a78cab57571a78727203f42e00fd24dd12f",
    "https://deno.land/std@0.158.0/collections/red_black_tree.ts": "b065e14cc319d1b0090aa6acbad387b7c9cb52346c259047a0c47b9695c7cc5c",
    "https://deno.land/std@0.167.0/async/abortable.ts": "80b2ac399f142cc528f95a037a7d0e653296352d95c681e284533765961de409",
    "https://deno.land/std@0.167.0/async/deadline.ts": "2c2deb53c7c28ca1dda7a3ad81e70508b1ebc25db52559de6b8636c9278fd41f",
    "https://deno.land/std@0.167.0/async/debounce.ts": "60301ffb37e730cd2d6f9dadfd0ecb2a38857681bd7aaf6b0a106b06e5210a98",
    "https://deno.land/std@0.167.0/async/deferred.ts": "77d3f84255c3627f1cc88699d8472b664d7635990d5358c4351623e098e917d6",
    "https://deno.land/std@0.167.0/async/delay.ts": "5a9bfba8de38840308a7a33786a0155a7f6c1f7a859558ddcec5fe06e16daf57",
    "https://deno.land/std@0.167.0/async/mod.ts": "7809ad4bb223e40f5fdc043e5c7ca04e0e25eed35c32c3c32e28697c553fa6d9",
    "https://deno.land/std@0.167.0/async/mux_async_iterator.ts": "770a0ff26c59f8bbbda6b703a2235f04e379f73238e8d66a087edc68c2a2c35f",
    "https://deno.land/std@0.167.0/async/pool.ts": "6854d8cd675a74c73391c82005cbbe4cc58183bddcd1fbbd7c2bcda42b61cf69",
    "https://deno.land/std@0.167.0/async/retry.ts": "e8e5173623915bbc0ddc537698fa418cf875456c347eda1ed453528645b42e67",
    "https://deno.land/std@0.167.0/async/tee.ts": "3a47cc4e9a940904fd4341f0224907e199121c80b831faa5ec2b054c6d2eff5e",
    "https://deno.land/std@0.167.0/bytes/concat.ts": "97a1274e117510ffffc9499c4debb9541e408732bab2e0ca624869ae13103c10",
    "https://deno.land/std@0.167.0/bytes/equals.ts": "39006f683f6ab99ceb517ebdba5023d03e9a1d272da8bfb14154e2bda32bdbf9",
    "https://deno.land/std@0.167.0/http/server.ts": "e99c1bee8a3f6571ee4cdeb2966efad465b8f6fe62bec1bdb59c1f007cc4d155",
    "https://deno.land/std@0.167.0/media_types/_util.ts": "ce9b4fc4ba1c447dafab619055e20fd88236ca6bdd7834a21f98bd193c3fbfa1",
    "https://deno.land/std@0.167.0/media_types/mod.ts": "8c0447e561dd74fb26c52ad0df92d9f2ab170329a11a3f78498e3ea94c0590fd",
    "https://deno.land/std@0.167.0/media_types/vendor/mime-db.v1.52.0.ts": "724cee25fa40f1a52d3937d6b4fbbfdd7791ff55e1b7ac08d9319d5632c7f5af",
    "https://deno.land/std@0.176.0/_util/asserts.ts": "178dfc49a464aee693a7e285567b3d0b555dc805ff490505a8aae34f9cfb1462",
    "https://deno.land/std@0.176.0/_util/os.ts": "d932f56d41e4f6a6093d56044e29ce637f8dcc43c5a90af43504a889cf1775e3",
    "https://deno.land/std@0.176.0/encoding/hex.ts": "50f8c95b52eae24395d3dfcb5ec1ced37c5fe7610ef6fffdcc8b0fdc38e3b32f",
    "https://deno.land/std@0.176.0/fmt/colors.ts": "938c5d44d889fb82eff6c358bea8baa7e85950a16c9f6dae3ec3a7a729164471",
    "https://deno.land/std@0.176.0/fs/_util.ts": "65381f341af1ff7f40198cee15c20f59951ac26e51ddc651c5293e24f9ce6f32",
    "https://deno.land/std@0.176.0/fs/copy.ts": "14214efd94fc3aa6db1e4af2b4b9578e50f7362b7f3725d5a14ad259a5df26c8",
    "https://deno.land/std@0.176.0/fs/empty_dir.ts": "c3d2da4c7352fab1cf144a1ecfef58090769e8af633678e0f3fabaef98594688",
    "https://deno.land/std@0.176.0/fs/ensure_dir.ts": "724209875497a6b4628dfb256116e5651c4f7816741368d6c44aab2531a1e603",
    "https://deno.land/std@0.176.0/fs/ensure_file.ts": "c38602670bfaf259d86ca824a94e6cb9e5eb73757fefa4ebf43a90dd017d53d9",
    "https://deno.land/std@0.176.0/fs/ensure_link.ts": "c0f5b2f0ec094ed52b9128eccb1ee23362a617457aa0f699b145d4883f5b2fb4",
    "https://deno.land/std@0.176.0/fs/ensure_symlink.ts": "2955cc8332aeca9bdfefd05d8d3976b94e282b0f353392a71684808ed2ffdd41",
    "https://deno.land/std@0.176.0/fs/eol.ts": "f1f2eb348a750c34500741987b21d65607f352cf7205f48f4319d417fff42842",
    "https://deno.land/std@0.176.0/fs/exists.ts": "b8c8a457b71e9d7f29b9d2f87aad8dba2739cbe637e8926d6ba6e92567875f8e",
    "https://deno.land/std@0.176.0/fs/expand_glob.ts": "45d17e89796a24bd6002e4354eda67b4301bb8ba67d2cac8453cdabccf1d9ab0",
    "https://deno.land/std@0.176.0/fs/mod.ts": "bc3d0acd488cc7b42627044caf47d72019846d459279544e1934418955ba4898",
    "https://deno.land/std@0.176.0/fs/move.ts": "4cb47f880e3f0582c55e71c9f8b1e5e8cfaacb5e84f7390781dd563b7298ec19",
    "https://deno.land/std@0.176.0/fs/walk.ts": "ea95ffa6500c1eda6b365be488c056edc7c883a1db41ef46ec3bf057b1c0fe32",
    "https://deno.land/std@0.176.0/path/_constants.ts": "e49961f6f4f48039c0dfed3c3f93e963ca3d92791c9d478ac5b43183413136e0",
    "https://deno.land/std@0.176.0/path/_interface.ts": "6471159dfbbc357e03882c2266d21ef9afdb1e4aa771b0545e90db58a0ba314b",
    "https://deno.land/std@0.176.0/path/_util.ts": "d7abb1e0dea065f427b89156e28cdeb32b045870acdf865833ba808a73b576d0",
    "https://deno.land/std@0.176.0/path/common.ts": "ee7505ab01fd22de3963b64e46cff31f40de34f9f8de1fff6a1bd2fe79380000",
    "https://deno.land/std@0.176.0/path/glob.ts": "d479e0a695621c94d3fd7fe7abd4f9499caf32a8de13f25073451c6ef420a4e1",
    "https://deno.land/std@0.176.0/path/mod.ts": "4b83694ac500d7d31b0cdafc927080a53dc0c3027eb2895790fb155082b0d232",
    "https://deno.land/std@0.176.0/path/posix.ts": "8b7c67ac338714b30c816079303d0285dd24af6b284f7ad63da5b27372a2c94d",
    "https://deno.land/std@0.176.0/path/separator.ts": "0fb679739d0d1d7bf45b68dacfb4ec7563597a902edbaf3c59b50d5bcadd93b1",
    "https://deno.land/std@0.176.0/path/win32.ts": "d186344e5583bcbf8b18af416d13d82b35a317116e6460a5a3953508c3de5bba",
    "https://deno.land/x/earthstar@v10.2.2/deps.ts": "58b37fc77d2930b8a03b7baaf5bf35069dc903d3e40dbcf059e52b8d9c649114",
    "https://deno.land/x/earthstar@v10.2.2/mod.ts": "260f473de235e8e7c93e5222a4fde60d5c85eb083a61ccdaf05aea23e2886b8a",
    "https://deno.land/x/earthstar@v10.2.2/src/core-validators/addresses.ts": "807761ed50d06d889a6b4ee243ac87f094de7226728c7ef715e677e61e9cc835",
    "https://deno.land/x/earthstar@v10.2.2/src/core-validators/characters.ts": "b463e19fdf66063edcab819dd7a3cc42234da9d7d0cf43a790de0fd65a74c693",
    "https://deno.land/x/earthstar@v10.2.2/src/core-validators/checkers.ts": "8cc7579b0fdb72b10c3f979d92a6e27f03952f1955a962846c92cb7dedb52215",
    "https://deno.land/x/earthstar@v10.2.2/src/crypto/base32.ts": "0aad78407fd95bd12ed59258fec032d021c4d8717e841f85af6e3f94b6e0c734",
    "https://deno.land/x/earthstar@v10.2.2/src/crypto/crypto-driver-noble.ts": "6959c4b50719ead3c9558101e898e3d1164b1091fd28833b52eacf61b3ec5272",
    "https://deno.land/x/earthstar@v10.2.2/src/crypto/crypto-driver-sodium.ts": "e1aa0430d7766caf592205ff3e7976f95b2c30fb0d44878244aa9a596103b473",
    "https://deno.land/x/earthstar@v10.2.2/src/crypto/crypto-types.ts": "977842a5e0ddfdb9e658d428ea3e1dae62ab255f8869d3421875283a010a93c5",
    "https://deno.land/x/earthstar@v10.2.2/src/crypto/crypto.ts": "cb1fcea7fab68cf67e8ecfdcb14b8fc0dfdf94f4fb242b581f42d5e72f048a60",
    "https://deno.land/x/earthstar@v10.2.2/src/crypto/default_driver.ts": "b428e7743dcf8ebd72a6360de200bea424fd9415f9f6a28ffc8f25971858a30d",
    "https://deno.land/x/earthstar@v10.2.2/src/crypto/global-crypto-driver.ts": "8d28123e7cd07641270cd7a8e94a64cde902808e91aa63019412c74a5f557266",
    "https://deno.land/x/earthstar@v10.2.2/src/crypto/keypair.ts": "71aa309efa4fd9ba196ea254217c1b4983f1a1168d17bd49ee7d6a4103a3525e",
    "https://deno.land/x/earthstar@v10.2.2/src/crypto/updatable_hash.ts": "e61116adefa362f2c2bb1b297e190024cdf254a0aadef7d0fba72e4808493e88",
    "https://deno.land/x/earthstar@v10.2.2/src/discovery/types.ts": "a5620f7361e63dc730695e0b157269e0eaccd4dadc8ffeb155b2a8be7f45557a",
    "https://deno.land/x/earthstar@v10.2.2/src/entries/deno.ts": "b81bd3bebb96ce9e966e4ae0e5a271d0876bcf49541502393e005e0af15b3837",
    "https://deno.land/x/earthstar@v10.2.2/src/entries/universal.ts": "4dbc8535c5e600f3ab39bedb09ab23cc67b7613a1ebf4a89a43dd9a39b268ece",
    "https://deno.land/x/earthstar@v10.2.2/src/formats/format_es4.ts": "ef168733109c77cdcbe658e7c3a044fb8227d6507e7d4ca6c6f7bf7290fea6f3",
    "https://deno.land/x/earthstar@v10.2.2/src/formats/format_es5.ts": "72dcc110bf1f2f744efc77f6c5ea76b86babc1d5a662ff3721a3c86c38de2dd8",
    "https://deno.land/x/earthstar@v10.2.2/src/formats/format_types.ts": "28d42307af38bdd81551b16e1160e7d4807982b3adab70a8acc941392e051624",
    "https://deno.land/x/earthstar@v10.2.2/src/formats/util.ts": "3959e345fa640c71c45cdba8b00db88c2ccadcd205afa78e167696ea80bd6b9c",
    "https://deno.land/x/earthstar@v10.2.2/src/peer/peer-types.ts": "0a2e028e232427649e21fac8c3975cc3af364adeec346ee724c595573beca9d1",
    "https://deno.land/x/earthstar@v10.2.2/src/peer/peer.ts": "beeb887b063625025a7f80ed3ed7083cb0523d1f91cb07edfea006650f883b5b",
    "https://deno.land/x/earthstar@v10.2.2/src/query/query-helpers.ts": "9832146900cf09b26e9f630a9caabb9042d7d9db11dfeb1465b5ef5d03271b76",
    "https://deno.land/x/earthstar@v10.2.2/src/query/query-types.ts": "9f15cb0e7e5917d9d5e7bacd8dbc6261c116211eba961998114ecd4b77f61198",
    "https://deno.land/x/earthstar@v10.2.2/src/query/query.ts": "0db678859fb589cf03769054ec6e1a92e28f647e6e824aad09c4b6c37511489f",
    "https://deno.land/x/earthstar@v10.2.2/src/replica/attachment_drivers/filesystem.ts": "ac77df9a8a3703d4d0544bc6856ce515af9eeab1fbb544a121f9ad17e7695236",
    "https://deno.land/x/earthstar@v10.2.2/src/replica/attachment_drivers/memory.ts": "c4026656397fb9a7785179d44279b7f1b654c4faf97abcb029e8793926090a13",
    "https://deno.land/x/earthstar@v10.2.2/src/replica/compare.ts": "b3a9f012925ac2dad6bc23c3e668cc10acf52165edd005bf688027c17ee3aa8d",
    "https://deno.land/x/earthstar@v10.2.2/src/replica/doc_drivers/localstorage.ts": "31ab25a4740209ccc34179cf090e59372d7e130e93e19401112a63ec3b21b1a9",
    "https://deno.land/x/earthstar@v10.2.2/src/replica/doc_drivers/memory.ts": "f6c3da90e2bd921896626791233ebe4333be9fedf391c00135ea8ac9112c21f4",
    "https://deno.land/x/earthstar@v10.2.2/src/replica/doc_drivers/sqlite.deno.ts": "a58a994d654b8309a564d90095e5908c5d76daff38e9eb6bb76cae5d4f1fb9f1",
    "https://deno.land/x/earthstar@v10.2.2/src/replica/doc_drivers/sqlite.shared.ts": "5c27e4e5ee72bca093200d8c56a244086f66aec52ae812e3b7f9d97249103802",
    "https://deno.land/x/earthstar@v10.2.2/src/replica/doc_drivers/sqlite_ffi.ts": "cb440d087472ad3acb10d9c8639b34b3abc277dd942e0e9c1ef12093de5d1018",
    "https://deno.land/x/earthstar@v10.2.2/src/replica/driver_fs.ts": "f01efcdb94a241a1d22d30034806987505851a4f586f7877c0dfa57385459e78",
    "https://deno.land/x/earthstar@v10.2.2/src/replica/driver_memory.ts": "de246633e2bb7287b92142a16bf045da5422728d7ed48eb7144b8efab1662ab1",
    "https://deno.land/x/earthstar@v10.2.2/src/replica/multiformat_replica.ts": "94ae0b51c73174b6d4e7ab7580186abd7b3373c7d9ae36d0777103610fcb655c",
    "https://deno.land/x/earthstar@v10.2.2/src/replica/replica-types.ts": "1385d998943d319a3b960786e75c457c12b73b002e7f0eca6b7807319d68a9f2",
    "https://deno.land/x/earthstar@v10.2.2/src/replica/replica.ts": "4383520baf5bf9314e1076fcf59171d35337de573119e697f492a9e08295a27c",
    "https://deno.land/x/earthstar@v10.2.2/src/replica/replica_cache.ts": "8cfbd1058e3d1485e306a44685df054e64295ee460d88521fc828bdef7059eca",
    "https://deno.land/x/earthstar@v10.2.2/src/replica/util-types.ts": "390f0d926d2a85509eac4566cffd5d1af7669a7d2b313fb93ed0d4761a3e434b",
    "https://deno.land/x/earthstar@v10.2.2/src/server/extensions/extension.ts": "cb74476bcfd236b38ba644127c6261e13b027b56f2dd2c0d448f4f23bab19038",
    "https://deno.land/x/earthstar@v10.2.2/src/server/extensions/known_shares.ts": "1788ad4a0791fd49d410438e4aa40287727cc34516ca22c836dc3f490386a9a9",
    "https://deno.land/x/earthstar@v10.2.2/src/server/extensions/serve_content.ts": "a7264be8ed8cf1e1e7763a4ab05fa03b0a18d789165f5bb3cd3ea3b9e76569eb",
    "https://deno.land/x/earthstar@v10.2.2/src/server/extensions/server_settings.ts": "e567cc10ab2f2327c7f464bcae77dcd7d1906363b326b8c48dc6158f6b911464",
    "https://deno.land/x/earthstar@v10.2.2/src/server/extensions/sync_web.ts": "633097891e4a810b824d455b974f77e9edc309f24001f9f2e75e236e9addf4e8",
    "https://deno.land/x/earthstar@v10.2.2/src/server/server.ts": "641040287b3250124b382ab158f6112b00e594993deae760f0aa4bf81fe390b8",
    "https://deno.land/x/earthstar@v10.2.2/src/server/server_core.ts": "377d701113df3a22a2b060eb2980aed55a5c5797af411b628fac849d3af32b73",
    "https://deno.land/x/earthstar@v10.2.2/src/streams/stream_utils.ts": "357adfedd9ac72c07526ef1f411bac429e9873f96426e92ff0da34262e3939da",
    "https://deno.land/x/earthstar@v10.2.2/src/sync-fs/constants.ts": "b2916aac6395c63016f69bcca59ce49c918cd68c651849c96910a34bdf9d1a9b",
    "https://deno.land/x/earthstar@v10.2.2/src/sync-fs/sync-fs-types.ts": "835413978626cb0e53505e7a91d43aa87544c4e3a6af611719af1c32c407a6c0",
    "https://deno.land/x/earthstar@v10.2.2/src/sync-fs/sync-fs.ts": "939bdd6da375f0b7266e76af72c6557a4f82ffc205b1aa5ed85a78a337ec5c36",
    "https://deno.land/x/earthstar@v10.2.2/src/sync-fs/util.ts": "29235c7601c127e32cd6c2b0de294daf1af00636cdfd92d14c05353619e5dfa2",
    "https://deno.land/x/earthstar@v10.2.2/src/syncer/attachment_transfer.ts": "b6e88f81c6112cd264ca6a7001082838cf70cfbce2dc38b685834af4f53d874e",
    "https://deno.land/x/earthstar@v10.2.2/src/syncer/bumping_timeout.ts": "0cddef7e9c65b0966784b584f11e4556097f49b2844abccd2e0d2ba43b872028",
    "https://deno.land/x/earthstar@v10.2.2/src/syncer/constants.ts": "3f6cd3e379a172ed6dbd24352605d75d07712fc31a870930a37fc4930bc586a6",
    "https://deno.land/x/earthstar@v10.2.2/src/syncer/doc_thumbnail_tree.ts": "083ac1401c0d2aaa34e6a4aedeaf92b88b3960dea0a8dcaa70e4e0cd1f3790ea",
    "https://deno.land/x/earthstar@v10.2.2/src/syncer/multi_deferred.ts": "226a92cc8b8d331be53396522572accf0c262744b732ab31cf59efc1b193f7e0",
    "https://deno.land/x/earthstar@v10.2.2/src/syncer/partner_local.ts": "c8a7249b4737416d14cf33ad5687b5877336f9226eef197ba5afbe3c9d2851dd",
    "https://deno.land/x/earthstar@v10.2.2/src/syncer/partner_web_client.ts": "28f1510c84b012834c8bbc67a89f20aa4f01b17fd4e14712bc34ae3d2755af85",
    "https://deno.land/x/earthstar@v10.2.2/src/syncer/partner_web_server.ts": "ddca4318b962d301c62fe72b8dc9cd2d8e30cf802c702151b39bd1ad58e4e058",
    "https://deno.land/x/earthstar@v10.2.2/src/syncer/plum_tree.ts": "a245ff3a2a0d5bcd75b30eb00056e2e48420c6d815b0e9b7fe50f1d873c1ca58",
    "https://deno.land/x/earthstar@v10.2.2/src/syncer/promise_enroller.ts": "bd681bd6ee52c6d581f995111bb4ef9dc062a5eaf2734357e3b3e196267bfbb6",
    "https://deno.land/x/earthstar@v10.2.2/src/syncer/range_messenger.ts": "95ef38fd427ba825b6a2b1d58c36ddab82f8b552dbbeb4da38b26afe10b405cb",
    "https://deno.land/x/earthstar@v10.2.2/src/syncer/sync_agent.ts": "a148875eee179839ad808e26573f9ca4f50924f9dd6cdb30fbb66717a732f5d2",
    "https://deno.land/x/earthstar@v10.2.2/src/syncer/syncer.ts": "0d62dcfd843c77ec90611971cee44988c527596789d917e89c629c761d271f0f",
    "https://deno.land/x/earthstar@v10.2.2/src/syncer/syncer_manager.ts": "54561e5f1f95d1a458c3ac3c60eb47e648774f2be54e68287dba36b7f650b9be",
    "https://deno.land/x/earthstar@v10.2.2/src/syncer/syncer_types.ts": "1bb26ae2d7d5f4f04ed54601ecfc43da7add157965f7a2527f2ba9c11ba5d0f6",
    "https://deno.land/x/earthstar@v10.2.2/src/syncer/transfer_manager.ts": "6db02889bae3d794aa712938372c0c58a2eea91cbf5fd91f2d4b6965bb5f3877",
    "https://deno.land/x/earthstar@v10.2.2/src/syncer/transfer_queue.ts": "af6f19efb70b3d0be8c37d3d72a6d496b8b9bc748b2c48a79b848079ec527071",
    "https://deno.land/x/earthstar@v10.2.2/src/util/attachment_stream_info.ts": "4a18ed9ad0ce2af4b1d35d3233af2fd8d449216ed1816946efd24a4cc4846592",
    "https://deno.land/x/earthstar@v10.2.2/src/util/bigint.ts": "1000e02531f145472b528363d246d619607416b6a65994ce43fa35615b5bd4a9",
    "https://deno.land/x/earthstar@v10.2.2/src/util/bytes.ts": "85cbcf66f802ccc2c587fa76da391f25f89b7fe2876d900f70b3d0a1fdb88e52",
    "https://deno.land/x/earthstar@v10.2.2/src/util/doc-types.ts": "707a16bb72562c8f4384d37d7409e9bf43eb04460ae0874e66d4f149e372211f",
    "https://deno.land/x/earthstar@v10.2.2/src/util/errors.ts": "118ed215ec91ce4d478ef96b3c0cf3f07500698e320b2a18545084d8ba2a5a91",
    "https://deno.land/x/earthstar@v10.2.2/src/util/invite.ts": "119b2cc2eb94e3f97266809a31037b8451e8b7cb9011e3b633e8033931b7bab3",
    "https://deno.land/x/earthstar@v10.2.2/src/util/log.ts": "46316fa1330f8f8db0a89c6082b24472b992bbe279ac644d957db29869a16c13",
    "https://deno.land/x/earthstar@v10.2.2/src/util/misc.ts": "6b1a7378dff8b0f76a8afd25bd15878155063bd66a2dd465065de0c8e7c3dabc",
    "https://deno.land/x/earthstar@v10.2.2/src/util/shared_settings.ts": "f1883b897de874aed615bef200af6565c4c12082b2c07c5308811cfb62eea5f9",
    "https://deno.land/x/earthstar@v10.2.2/src/util/streams.ts": "b9542e8949060f2bca52b9ebde709cfb2da81e7d0203314499826db7e13da1fb",
    "https://deno.land/x/earthstar@v10.2.2/src/util/xxhash64.js": "ad885672fba660ae1df68dd9fe0580587beaf6d408bb9ed560d272c4523b74f0",
    "https://deno.land/x/for_awaitable_queue@1.0.0/mod.ts": "a2fb2014da6401733499376cb58a9ae82819aea6471bf8df8388dcbed58a52f9",
    "https://deno.land/x/plug@1.0.1/deps.ts": "35ea2acd5e3e11846817a429b7ef4bec47b80f2d988f5d63797147134cbd35c2",
    "https://deno.land/x/plug@1.0.1/download.ts": "8d6a023ade0806a0653b48cd5f6f8b15fcfaa1dbf2aa1f4bc90fc5732d27b144",
    "https://deno.land/x/plug@1.0.1/mod.ts": "5dec80ee7a3a325be45c03439558531bce7707ac118f4376cebbd6740ff24bfb",
    "https://deno.land/x/plug@1.0.1/types.ts": "d8eb738fc6ed883e6abf77093442c2f0b71af9090f15c7613621d4039e410ee1",
    "https://deno.land/x/plug@1.0.1/util.ts": "5ba8127b9adc36e070b9e22971fb8106869eea1741f452a87b4861e574f13481",
    "https://deno.land/x/range_reconcile@1.0.2/mod.ts": "bf886668195e27bce5a958a2b3bcb8f2ed47e1f2d2e782db08d8ab1948b6e7ae",
    "https://deno.land/x/range_reconcile@1.0.2/src/fingerprint_tree/fingerprint_tree.ts": "8042221583ad6274d96ee1836c1a0b72cdfa6a8509dd129b06bd3f974da40ef4",
    "https://deno.land/x/range_reconcile@1.0.2/src/lifting_monoid.ts": "9237589643088e9aff1746789a6adb7e8aff32a804a56d1d46608da208d44ffe",
    "https://deno.land/x/range_reconcile@1.0.2/src/range_messenger/range_messenger.ts": "b7aa0e57cf46db1f1d8fc6d8d3bf9bbd43507a1267bb8e0468a383a7a9b4e706",
    "https://deno.land/x/range_reconcile@1.0.2/src/range_messenger/range_messenger_config.ts": "898a0bf03827c721255486680c03283e8add7ba257226f1d0128f273afad5dc8",
    "https://deno.land/x/range_reconcile@1.0.2/src/teeable_deferred.ts": "0c167f2d7d0708e24e42c08752aa2e6a82398df03266546c390f06d1e6eb7280",
    "https://deno.land/x/range_reconcile@1.0.2/src/util.ts": "dbbdc53719ccff87ac917d2d4a3f3a0984ba0a7c5953864702d5751fb90a9951",
    "https://deno.land/x/shallow_equal@v0.1.3/arrays.ts": "2ffe92cd73423ce89ef6b1fd2fad26c3657d114a4030cd410daa78f210754192",
    "https://deno.land/x/shallow_equal@v0.1.3/mod.ts": "8699bbfa42900fcec42d270fdfa0f2c9c03a2098221d974088c946cbafdc8fb6",
    "https://deno.land/x/shallow_equal@v0.1.3/objects.ts": "0859f90c3269b0b420d2e7776ecbed574bed79af4afea957050e63eb35f29f0c",
    "https://deno.land/x/sodium@0.2.0/basic.ts": "458ec1e8e90b5df3c0d8a7a7e4747dbbbd35e3ee776ac4dc7c44d3ec70784de9",
    "https://deno.land/x/sodium@0.2.0/basic_types.ts": "49e32fd3d239e183d71e2509def40a70ce0308f4d9f0552dd355be8094e2fe5f",
    "https://deno.land/x/sodium@0.2.0/dist/browsers/sodium.js": "169e09bb1d056fd4700c95edbdb399d8050d685ce44b40f520e35a021167d520",
    "https://deno.land/x/sqlite3@0.8.1/deno.json": "87910b5c16ccb2f73ac40b45ee6f9a014e5f6317cb7aa568bfe69e2dcca7f975",
    "https://deno.land/x/sqlite3@0.8.1/deps.ts": "722c865b9cef27b4cde0bb1ac9ebb08e94c43ad090a7313cea576658ff1e3bb0",
    "https://deno.land/x/sqlite3@0.8.1/mod.ts": "d41b8b30e1b20b537ef4d78cae98d90f6bd65c727b64aa1a18bffbb28f7d6ec3",
    "https://deno.land/x/sqlite3@0.8.1/src/blob.ts": "3681353b3c97bc43f9b02f8d1c3269c0dc4eb9cb5d3af16c7ce4d1e1ec7507c4",
    "https://deno.land/x/sqlite3@0.8.1/src/constants.ts": "85fd27aa6e199093f25f5f437052e16fd0e0870b96ca9b24a98e04ddc8b7d006",
    "https://deno.land/x/sqlite3@0.8.1/src/database.ts": "0064992d32196c6a4de0b8d3145d21c0ff34dc7c974b38434e5e01c8e86f4ff5",
    "https://deno.land/x/sqlite3@0.8.1/src/ffi.ts": "a983e7c4213e0aeda684248f54c1ad51a39fe1b03b7c3635d50730c651a4e98c",
    "https://deno.land/x/sqlite3@0.8.1/src/statement.ts": "09fbb2182507efeff741ae3477202ed7e1f9597a08fda74a1e8ef91bcf990923",
    "https://deno.land/x/sqlite3@0.8.1/src/util.ts": "3892904eb057271d4072215c3e7ffe57a9e59e4df78ac575046eb278ca6239cd",
    "https://deno.land/x/sqlite@v3.2.0/build/sqlite.js": "16fe819f3b40c0d2e100014ec922b7dcef32bc9a0c799a9ecd4f1ae104217c88",
    "https://deno.land/x/sqlite@v3.2.0/build/vfs.js": "baff72655c0916c906327fe6703c6a47daa1346e55c2eaa2629bcd879a673c8d",
    "https://deno.land/x/sqlite@v3.2.0/mod.ts": "0b3e066f61a149d5aa99a50e2c41c687eaa0713350d3e9bfbe4025173ec1c9a9",
    "https://deno.land/x/sqlite@v3.2.0/src/constants.ts": "b967237b460fafa03ca03aeddb33953bed41c7cbdc309a934e2329a5c84079ac",
    "https://deno.land/x/sqlite@v3.2.0/src/db.ts": "51e39293ba03679a779719a32fca503b3d8728f366762b4f7fb9fd8974985ab8",
    "https://deno.land/x/sqlite@v3.2.0/src/error.ts": "6b0e5e8e5b60c928ab5b125a0801074445fbe40b20de87c95ca15f4b88592faf",
    "https://deno.land/x/sqlite@v3.2.0/src/query.ts": "ad41895ceb1585a4f67b4cf836a3106d9be8957bf00ec48a056638026286f9b0",
    "https://deno.land/x/sqlite@v3.2.0/src/wasm.ts": "e79d0baa6e42423257fb3c7cc98091c54399254867e0f34a09b5bdef37bd9487",
    "https://esm.sh/rfc4648@1.5.0": "81c42eaad3107532183c7481b4dc7104192c9a6589345938843c62a977c297ae",
    "https://esm.sh/sha256-uint8array@0.10.3": "9ecd42caaf6c0a494afa4c804c0007cf0d02aa7910dff57ab0d0f28d4742bdf4",
    "https://esm.sh/v124/rfc4648@1.5.0/deno/rfc4648.mjs": "201437b872ee8736d32388e38b88c041859ed124162bd14ea89cb62685ebfa08",
    "https://esm.sh/v124/sha256-uint8array@0.10.3/deno/sha256-uint8array.mjs": "3ac2361a81b7287ba0a7c2bf2092db12ebd500e9988b306261a78c998de076a0",
    "https://raw.githubusercontent.com/sgwilym/noble-ed25519/153f9e7e9952ad22885f5abb3f6abf777bef4a4c/index.ts": "7bbdf74c218c856982948b3e4c63a276fee69d73f581db5c84ecfe2a37f1f371",
    "https://raw.githubusercontent.com/sgwilym/noble-ed25519/153f9e7e9952ad22885f5abb3f6abf777bef4a4c/mod.ts": "92f8abb3961cc84a393878ab48b0223dc25ee707400207922cb544aa7cdfbbe6"
  }
}
